
Microsoft Visual Studio Solution File, Format Version 12.00
Project("{FAE04EC0-301F-11D3-BF4B-00C04F79EFBC}") = "Overflow2.AppHost", "Overflow2.AppHost\Overflow2.AppHost.csproj", "{3DF563E6-B513-41D2-A0FD-24DF12B3C8E5}"
EndProject
Project("{FAE04EC0-301F-11D3-BF4B-00C04F79EFBC}") = "Overflow2.ServiceDefaults", "Overflow2.ServiceDefaults\Overflow2.ServiceDefaults.csproj", "{C20CEC72-FD2D-470D-8F6E-5412C2AA9F0E}"
EndProject
Project("{2150E333-8FDC-42A3-9474-1A3956D46DE8}") = "services", "services", "{7ACCCFB7-13B7-4C6F-90BE-241A535D5D7C}"
EndProject
Project("{FAE04EC0-301F-11D3-BF4B-00C04F79EFBC}") = "QuestionService", "QuestionService\QuestionService.csproj", "{11590618-75B8-468D-9A38-5DE0AC1EA5EE}"
EndProject
Global
	GlobalSection(SolutionConfigurationPlatforms) = preSolution
		Debug|Any CPU = Debug|Any CPU
		Release|Any CPU = Release|Any CPU
	EndGlobalSection
	GlobalSection(ProjectConfigurationPlatforms) = postSolution
		{3DF563E6-B513-41D2-A0FD-24DF12B3C8E5}.Debug|Any CPU.ActiveCfg = Debug|Any CPU
		{3DF563E6-B513-41D2-A0FD-24DF12B3C8E5}.Debug|Any CPU.Build.0 = Debug|Any CPU
		{3DF563E6-B513-41D2-A0FD-24DF12B3C8E5}.Release|Any CPU.ActiveCfg = Release|Any CPU
		{3DF563E6-B513-41D2-A0FD-24DF12B3C8E5}.Release|Any CPU.Build.0 = Release|Any CPU
		{C20CEC72-FD2D-470D-8F6E-5412C2AA9F0E}.Debug|Any CPU.ActiveCfg = Debug|Any CPU
		{C20CEC72-FD2D-470D-8F6E-5412C2AA9F0E}.Debug|Any CPU.Build.0 = Debug|Any CPU
		{C20CEC72-FD2D-470D-8F6E-5412C2AA9F0E}.Release|Any CPU.ActiveCfg = Release|Any CPU
		{C20CEC72-FD2D-470D-8F6E-5412C2AA9F0E}.Release|Any CPU.Build.0 = Release|Any CPU
		{11590618-75B8-468D-9A38-5DE0AC1EA5EE}.Debug|Any CPU.ActiveCfg = Debug|Any CPU
		{11590618-75B8-468D-9A38-5DE0AC1EA5EE}.Debug|Any CPU.Build.0 = Debug|Any CPU
		{11590618-75B8-468D-9A38-5DE0AC1EA5EE}.Release|Any CPU.ActiveCfg = Release|Any CPU
		{11590618-75B8-468D-9A38-5DE0AC1EA5EE}.Release|Any CPU.Build.0 = Release|Any CPU
	EndGlobalSection
	GlobalSection(NestedProjects) = preSolution
		{11590618-75B8-468D-9A38-5DE0AC1EA5EE} = {7ACCCFB7-13B7-4C6F-90BE-241A535D5D7C}
	EndGlobalSection
EndGlobal
